
Microsoft Visual Studio Solution File, Format Version 12.00
# Visual Studio Version 16
VisualStudioVersion = 16.0.30128.74
MinimumVisualStudioVersion = 10.0.40219.1
Project("{9A19103F-16F7-4668-BE54-9A1E7A4F7556}") = "CareerCloud.Pocos", "CareerCloud.Pocos\CareerCloud.Pocos.csproj", "{980C45FC-F7E1-4269-B167-DD96359492C4}"
EndProject
Project("{9A19103F-16F7-4668-BE54-9A1E7A4F7556}") = "CareerCloudCore.UnitTests.Assignment1", "CareerCloudCore.UnitTests.Assignment1\CareerCloudCore.UnitTests.Assignment1\CareerCloudCore.UnitTests.Assignment1.csproj", "{2AA4A75E-5870-4786-913B-105E610BAFBA}"
EndProject
Project("{9A19103F-16F7-4668-BE54-9A1E7A4F7556}") = "CareerCloud.DataAccessLayer", "CareerCloud.DataAccessLayer\CareerCloud.DataAccessLayer.csproj", "{68AC52E6-CA9A-4AD9-B2B9-47931D1DA7E7}"
EndProject
Project("{9A19103F-16F7-4668-BE54-9A1E7A4F7556}") = "CareerCloud.ADODataAccessLayer", "CareerCloud.ADODataAccessLayer\CareerCloud.ADODataAccessLayer.csproj", "{7C10FA59-FF27-4E82-96CC-A955F463D646}"
EndProject
Project("{9A19103F-16F7-4668-BE54-9A1E7A4F7556}") = "CareerCloudCore.UnitTests.Assignment2", "CareerCloudCore.UnitTests.Assignment2-master\CareerCloudCore.UnitTests.Assignment2.csproj", "{1543A89A-45B9-4A9E-BF8D-C9877356C2AA}"
EndProject
Project("{9A19103F-16F7-4668-BE54-9A1E7A4F7556}") = "CareerCloud.BusinessLogicLayer", "CareerCloud.BusinessLogicLayer\CareerCloud.BusinessLogicLayer.csproj", "{9EB1D233-74A4-4202-82DA-1EE52053D8A0}"
EndProject
Project("{9A19103F-16F7-4668-BE54-9A1E7A4F7556}") = "CareerCloudCore.UnitTests.Assignment3", "CareerCloudCore.UnitTests.Assignment3\CareerCloudCore.UnitTests.Assignment3.csproj", "{E4234046-11D7-45F2-9C7B-610125A1E99D}"
EndProject
Project("{9A19103F-16F7-4668-BE54-9A1E7A4F7556}") = "CareerCloud.EntityFrameworkDataAccess", "CareerCloud.EntityFrameworkDataAccess\CareerCloud.EntityFrameworkDataAccess.csproj", "{3D5A790F-0464-4B46-B450-B59DAD0593EC}"
EndProject
Project("{9A19103F-16F7-4668-BE54-9A1E7A4F7556}") = "CareerCloudCore.UnitTests.Assignment4", "CareerCloudCore.UnitTests.Assignment4\CareerCloudCore.UnitTests.Assignment4.csproj", "{F8CA334C-28CA-4DDF-B3C9-AF2727557F34}"
EndProject
Project("{9A19103F-16F7-4668-BE54-9A1E7A4F7556}") = "CareerCloud.WebAPI", "CareerCloud.WebAPI\CareerCloud.WebAPI.csproj", "{96AE680D-F139-402A-A598-ABDD5799D3E1}"
EndProject
Project("{9A19103F-16F7-4668-BE54-9A1E7A4F7556}") = "CareerCloudCore.UnitTests.Assignment5", "CareerCloudCore.UnitTests.Assignment5-master\CareerCloudCore.UnitTests.Assignment5.csproj", "{540F00EB-1453-4F4A-9BCE-824EC718C689}"
EndProject
Global
	GlobalSection(SolutionConfigurationPlatforms) = preSolution
		Debug|Any CPU = Debug|Any CPU
		Release|Any CPU = Release|Any CPU
	EndGlobalSection
	GlobalSection(ProjectConfigurationPlatforms) = postSolution
		{980C45FC-F7E1-4269-B167-DD96359492C4}.Debug|Any CPU.ActiveCfg = Debug|Any CPU
		{980C45FC-F7E1-4269-B167-DD96359492C4}.Debug|Any CPU.Build.0 = Debug|Any CPU
		{980C45FC-F7E1-4269-B167-DD96359492C4}.Release|Any CPU.ActiveCfg = Release|Any CPU
		{980C45FC-F7E1-4269-B167-DD96359492C4}.Release|Any CPU.Build.0 = Release|Any CPU
		{2AA4A75E-5870-4786-913B-105E610BAFBA}.Debug|Any CPU.ActiveCfg = Debug|Any CPU
		{2AA4A75E-5870-4786-913B-105E610BAFBA}.Debug|Any CPU.Build.0 = Debug|Any CPU
		{2AA4A75E-5870-4786-913B-105E610BAFBA}.Release|Any CPU.ActiveCfg = Release|Any CPU
		{2AA4A75E-5870-4786-913B-105E610BAFBA}.Release|Any CPU.Build.0 = Release|Any CPU
		{68AC52E6-CA9A-4AD9-B2B9-47931D1DA7E7}.Debug|Any CPU.ActiveCfg = Debug|Any CPU
		{68AC52E6-CA9A-4AD9-B2B9-47931D1DA7E7}.Debug|Any CPU.Build.0 = Debug|Any CPU
		{68AC52E6-CA9A-4AD9-B2B9-47931D1DA7E7}.Release|Any CPU.ActiveCfg = Release|Any CPU
		{68AC52E6-CA9A-4AD9-B2B9-47931D1DA7E7}.Release|Any CPU.Build.0 = Release|Any CPU
		{7C10FA59-FF27-4E82-96CC-A955F463D646}.Debug|Any CPU.ActiveCfg = Debug|Any CPU
		{7C10FA59-FF27-4E82-96CC-A955F463D646}.Debug|Any CPU.Build.0 = Debug|Any CPU
		{7C10FA59-FF27-4E82-96CC-A955F463D646}.Release|Any CPU.ActiveCfg = Release|Any CPU
		{7C10FA59-FF27-4E82-96CC-A955F463D646}.Release|Any CPU.Build.0 = Release|Any CPU
		{1543A89A-45B9-4A9E-BF8D-C9877356C2AA}.Debug|Any CPU.ActiveCfg = Debug|Any CPU
		{1543A89A-45B9-4A9E-BF8D-C9877356C2AA}.Debug|Any CPU.Build.0 = Debug|Any CPU
		{1543A89A-45B9-4A9E-BF8D-C9877356C2AA}.Release|Any CPU.ActiveCfg = Release|Any CPU
		{1543A89A-45B9-4A9E-BF8D-C9877356C2AA}.Release|Any CPU.Build.0 = Release|Any CPU
		{9EB1D233-74A4-4202-82DA-1EE52053D8A0}.Debug|Any CPU.ActiveCfg = Debug|Any CPU
		{9EB1D233-74A4-4202-82DA-1EE52053D8A0}.Debug|Any CPU.Build.0 = Debug|Any CPU
		{9EB1D233-74A4-4202-82DA-1EE52053D8A0}.Release|Any CPU.ActiveCfg = Release|Any CPU
		{9EB1D233-74A4-4202-82DA-1EE52053D8A0}.Release|Any CPU.Build.0 = Release|Any CPU
		{E4234046-11D7-45F2-9C7B-610125A1E99D}.Debug|Any CPU.ActiveCfg = Debug|Any CPU
		{E4234046-11D7-45F2-9C7B-610125A1E99D}.Debug|Any CPU.Build.0 = Debug|Any CPU
		{E4234046-11D7-45F2-9C7B-610125A1E99D}.Release|Any CPU.ActiveCfg = Release|Any CPU
		{E4234046-11D7-45F2-9C7B-610125A1E99D}.Release|Any CPU.Build.0 = Release|Any CPU
		{3D5A790F-0464-4B46-B450-B59DAD0593EC}.Debug|Any CPU.ActiveCfg = Debug|Any CPU
		{3D5A790F-0464-4B46-B450-B59DAD0593EC}.Debug|Any CPU.Build.0 = Debug|Any CPU
		{3D5A790F-0464-4B46-B450-B59DAD0593EC}.Release|Any CPU.ActiveCfg = Release|Any CPU
		{3D5A790F-0464-4B46-B450-B59DAD0593EC}.Release|Any CPU.Build.0 = Release|Any CPU
		{F8CA334C-28CA-4DDF-B3C9-AF2727557F34}.Debug|Any CPU.ActiveCfg = Debug|Any CPU
		{F8CA334C-28CA-4DDF-B3C9-AF2727557F34}.Debug|Any CPU.Build.0 = Debug|Any CPU
		{F8CA334C-28CA-4DDF-B3C9-AF2727557F34}.Release|Any CPU.ActiveCfg = Release|Any CPU
		{F8CA334C-28CA-4DDF-B3C9-AF2727557F34}.Release|Any CPU.Build.0 = Release|Any CPU
		{96AE680D-F139-402A-A598-ABDD5799D3E1}.Debug|Any CPU.ActiveCfg = Debug|Any CPU
		{96AE680D-F139-402A-A598-ABDD5799D3E1}.Debug|Any CPU.Build.0 = Debug|Any CPU
		{96AE680D-F139-402A-A598-ABDD5799D3E1}.Release|Any CPU.ActiveCfg = Release|Any CPU
		{96AE680D-F139-402A-A598-ABDD5799D3E1}.Release|Any CPU.Build.0 = Release|Any CPU
		{540F00EB-1453-4F4A-9BCE-824EC718C689}.Debug|Any CPU.ActiveCfg = Debug|Any CPU
		{540F00EB-1453-4F4A-9BCE-824EC718C689}.Debug|Any CPU.Build.0 = Debug|Any CPU
		{540F00EB-1453-4F4A-9BCE-824EC718C689}.Release|Any CPU.ActiveCfg = Release|Any CPU
		{540F00EB-1453-4F4A-9BCE-824EC718C689}.Release|Any CPU.Build.0 = Release|Any CPU
	EndGlobalSection
	GlobalSection(SolutionProperties) = preSolution
		HideSolutionNode = FALSE
	EndGlobalSection
	GlobalSection(ExtensibilityGlobals) = postSolution
		SolutionGuid = {DA7E527D-48BD-43AE-9BC5-67128AD36F2F}
	EndGlobalSection
EndGlobal
